
Microsoft Visual Studio Solution File, Format Version 12.00
# Visual Studio 14
VisualStudioVersion = 14.0.23107.0
MinimumVisualStudioVersion = 10.0.40219.1
Project("{FAE04EC0-301F-11D3-BF4B-00C04F79EFBC}") = "XSP.SignalR.Movel", "XSP.SignalR.Movel\XSP.SignalR.Movel\XSP.SignalR.Movel.csproj", "{BF09AC1B-8555-4495-914C-A209730967ED}"
EndProject
Project("{FAE04EC0-301F-11D3-BF4B-00C04F79EFBC}") = "XSP.SignalR.Movel.iOS", "XSP.SignalR.Movel\XSP.SignalR.Movel.iOS\XSP.SignalR.Movel.iOS.csproj", "{3925F0F3-8418-4929-977E-AC5C8C8FFFCA}"
EndProject
Project("{FAE04EC0-301F-11D3-BF4B-00C04F79EFBC}") = "XSP.SignalR.Movel.Droid", "XSP.SignalR.Movel\XSP.SignalR.Movel.Droid\XSP.SignalR.Movel.Droid.csproj", "{1E72E1D0-6FA5-43FB-B719-724CC767570F}"
EndProject
Project("{FAE04EC0-301F-11D3-BF4B-00C04F79EFBC}") = "XSP.SignalR.Movel.WinPhone", "XSP.SignalR.Movel\XSP.SignalR.Movel.WinPhone\XSP.SignalR.Movel.WinPhone.csproj", "{095D3A12-427A-4F72-ABA3-4D8F86010A34}"
EndProject
Global
	GlobalSection(SolutionConfigurationPlatforms) = preSolution
		Ad-Hoc|Any CPU = Ad-Hoc|Any CPU
		Ad-Hoc|ARM = Ad-Hoc|ARM
		Ad-Hoc|iPhone = Ad-Hoc|iPhone
		Ad-Hoc|iPhoneSimulator = Ad-Hoc|iPhoneSimulator
		Ad-Hoc|x86 = Ad-Hoc|x86
		AppStore|Any CPU = AppStore|Any CPU
		AppStore|ARM = AppStore|ARM
		AppStore|iPhone = AppStore|iPhone
		AppStore|iPhoneSimulator = AppStore|iPhoneSimulator
		AppStore|x86 = AppStore|x86
		Debug|Any CPU = Debug|Any CPU
		Debug|ARM = Debug|ARM
		Debug|iPhone = Debug|iPhone
		Debug|iPhoneSimulator = Debug|iPhoneSimulator
		Debug|x86 = Debug|x86
		Release|Any CPU = Release|Any CPU
		Release|ARM = Release|ARM
		Release|iPhone = Release|iPhone
		Release|iPhoneSimulator = Release|iPhoneSimulator
		Release|x86 = Release|x86
	EndGlobalSection
	GlobalSection(ProjectConfigurationPlatforms) = postSolution
		{BF09AC1B-8555-4495-914C-A209730967ED}.Ad-Hoc|Any CPU.ActiveCfg = Release|Any CPU
		{BF09AC1B-8555-4495-914C-A209730967ED}.Ad-Hoc|Any CPU.Build.0 = Release|Any CPU
		{BF09AC1B-8555-4495-914C-A209730967ED}.Ad-Hoc|ARM.ActiveCfg = Release|Any CPU
		{BF09AC1B-8555-4495-914C-A209730967ED}.Ad-Hoc|ARM.Build.0 = Release|Any CPU
		{BF09AC1B-8555-4495-914C-A209730967ED}.Ad-Hoc|iPhone.ActiveCfg = Release|Any CPU
		{BF09AC1B-8555-4495-914C-A209730967ED}.Ad-Hoc|iPhone.Build.0 = Release|Any CPU
		{BF09AC1B-8555-4495-914C-A209730967ED}.Ad-Hoc|iPhoneSimulator.ActiveCfg = Release|Any CPU
		{BF09AC1B-8555-4495-914C-A209730967ED}.Ad-Hoc|iPhoneSimulator.Build.0 = Release|Any CPU
		{BF09AC1B-8555-4495-914C-A209730967ED}.Ad-Hoc|x86.ActiveCfg = Release|Any CPU
		{BF09AC1B-8555-4495-914C-A209730967ED}.Ad-Hoc|x86.Build.0 = Release|Any CPU
		{BF09AC1B-8555-4495-914C-A209730967ED}.AppStore|Any CPU.ActiveCfg = Release|Any CPU
		{BF09AC1B-8555-4495-914C-A209730967ED}.AppStore|Any CPU.Build.0 = Release|Any CPU
		{BF09AC1B-8555-4495-914C-A209730967ED}.AppStore|ARM.ActiveCfg = Release|Any CPU
		{BF09AC1B-8555-4495-914C-A209730967ED}.AppStore|ARM.Build.0 = Release|Any CPU
		{BF09AC1B-8555-4495-914C-A209730967ED}.AppStore|iPhone.ActiveCfg = Release|Any CPU
		{BF09AC1B-8555-4495-914C-A209730967ED}.AppStore|iPhone.Build.0 = Release|Any CPU
		{BF09AC1B-8555-4495-914C-A209730967ED}.AppStore|iPhoneSimulator.ActiveCfg = Release|Any CPU
		{BF09AC1B-8555-4495-914C-A209730967ED}.AppStore|iPhoneSimulator.Build.0 = Release|Any CPU
		{BF09AC1B-8555-4495-914C-A209730967ED}.AppStore|x86.ActiveCfg = Release|Any CPU
		{BF09AC1B-8555-4495-914C-A209730967ED}.AppStore|x86.Build.0 = Release|Any CPU
		{BF09AC1B-8555-4495-914C-A209730967ED}.Debug|Any CPU.ActiveCfg = Debug|Any CPU
		{BF09AC1B-8555-4495-914C-A209730967ED}.Debug|Any CPU.Build.0 = Debug|Any CPU
		{BF09AC1B-8555-4495-914C-A209730967ED}.Debug|ARM.ActiveCfg = Debug|Any CPU
		{BF09AC1B-8555-4495-914C-A209730967ED}.Debug|ARM.Build.0 = Debug|Any CPU
		{BF09AC1B-8555-4495-914C-A209730967ED}.Debug|iPhone.ActiveCfg = Debug|Any CPU
		{BF09AC1B-8555-4495-914C-A209730967ED}.Debug|iPhone.Build.0 = Debug|Any CPU
		{BF09AC1B-8555-4495-914C-A209730967ED}.Debug|iPhoneSimulator.ActiveCfg = Debug|Any CPU
		{BF09AC1B-8555-4495-914C-A209730967ED}.Debug|iPhoneSimulator.Build.0 = Debug|Any CPU
		{BF09AC1B-8555-4495-914C-A209730967ED}.Debug|x86.ActiveCfg = Debug|Any CPU
		{BF09AC1B-8555-4495-914C-A209730967ED}.Debug|x86.Build.0 = Debug|Any CPU
		{BF09AC1B-8555-4495-914C-A209730967ED}.Release|Any CPU.ActiveCfg = Release|Any CPU
		{BF09AC1B-8555-4495-914C-A209730967ED}.Release|Any CPU.Build.0 = Release|Any CPU
		{BF09AC1B-8555-4495-914C-A209730967ED}.Release|ARM.ActiveCfg = Release|Any CPU
		{BF09AC1B-8555-4495-914C-A209730967ED}.Release|ARM.Build.0 = Release|Any CPU
		{BF09AC1B-8555-4495-914C-A209730967ED}.Release|iPhone.ActiveCfg = Release|Any CPU
		{BF09AC1B-8555-4495-914C-A209730967ED}.Release|iPhone.Build.0 = Release|Any CPU
		{BF09AC1B-8555-4495-914C-A209730967ED}.Release|iPhoneSimulator.ActiveCfg = Release|Any CPU
		{BF09AC1B-8555-4495-914C-A209730967ED}.Release|iPhoneSimulator.Build.0 = Release|Any CPU
		{BF09AC1B-8555-4495-914C-A209730967ED}.Release|x86.ActiveCfg = Release|Any CPU
		{BF09AC1B-8555-4495-914C-A209730967ED}.Release|x86.Build.0 = Release|Any CPU
		{3925F0F3-8418-4929-977E-AC5C8C8FFFCA}.Ad-Hoc|Any CPU.ActiveCfg = Ad-Hoc|iPhone
		{3925F0F3-8418-4929-977E-AC5C8C8FFFCA}.Ad-Hoc|ARM.ActiveCfg = Ad-Hoc|iPhone
		{3925F0F3-8418-4929-977E-AC5C8C8FFFCA}.Ad-Hoc|iPhone.ActiveCfg = Ad-Hoc|iPhone
		{3925F0F3-8418-4929-977E-AC5C8C8FFFCA}.Ad-Hoc|iPhone.Build.0 = Ad-Hoc|iPhone
		{3925F0F3-8418-4929-977E-AC5C8C8FFFCA}.Ad-Hoc|iPhoneSimulator.ActiveCfg = Ad-Hoc|iPhoneSimulator
		{3925F0F3-8418-4929-977E-AC5C8C8FFFCA}.Ad-Hoc|iPhoneSimulator.Build.0 = Ad-Hoc|iPhoneSimulator
		{3925F0F3-8418-4929-977E-AC5C8C8FFFCA}.Ad-Hoc|x86.ActiveCfg = Ad-Hoc|iPhone
		{3925F0F3-8418-4929-977E-AC5C8C8FFFCA}.AppStore|Any CPU.ActiveCfg = AppStore|iPhone
		{3925F0F3-8418-4929-977E-AC5C8C8FFFCA}.AppStore|ARM.ActiveCfg = AppStore|iPhone
		{3925F0F3-8418-4929-977E-AC5C8C8FFFCA}.AppStore|iPhone.ActiveCfg = AppStore|iPhone
		{3925F0F3-8418-4929-977E-AC5C8C8FFFCA}.AppStore|iPhone.Build.0 = AppStore|iPhone
		{3925F0F3-8418-4929-977E-AC5C8C8FFFCA}.AppStore|iPhoneSimulator.ActiveCfg = AppStore|iPhoneSimulator
		{3925F0F3-8418-4929-977E-AC5C8C8FFFCA}.AppStore|iPhoneSimulator.Build.0 = AppStore|iPhoneSimulator
		{3925F0F3-8418-4929-977E-AC5C8C8FFFCA}.AppStore|x86.ActiveCfg = AppStore|iPhone
		{3925F0F3-8418-4929-977E-AC5C8C8FFFCA}.Debug|Any CPU.ActiveCfg = Debug|iPhone
		{3925F0F3-8418-4929-977E-AC5C8C8FFFCA}.Debug|ARM.ActiveCfg = Debug|iPhone
		{3925F0F3-8418-4929-977E-AC5C8C8FFFCA}.Debug|iPhone.ActiveCfg = Debug|iPhone
		{3925F0F3-8418-4929-977E-AC5C8C8FFFCA}.Debug|iPhone.Build.0 = Debug|iPhone
		{3925F0F3-8418-4929-977E-AC5C8C8FFFCA}.Debug|iPhoneSimulator.ActiveCfg = Debug|iPhoneSimulator
		{3925F0F3-8418-4929-977E-AC5C8C8FFFCA}.Debug|iPhoneSimulator.Build.0 = Debug|iPhoneSimulator
		{3925F0F3-8418-4929-977E-AC5C8C8FFFCA}.Debug|x86.ActiveCfg = Debug|iPhone
		{3925F0F3-8418-4929-977E-AC5C8C8FFFCA}.Release|Any CPU.ActiveCfg = Release|iPhone
		{3925F0F3-8418-4929-977E-AC5C8C8FFFCA}.Release|ARM.ActiveCfg = Release|iPhone
		{3925F0F3-8418-4929-977E-AC5C8C8FFFCA}.Release|iPhone.ActiveCfg = Release|iPhone
		{3925F0F3-8418-4929-977E-AC5C8C8FFFCA}.Release|iPhone.Build.0 = Release|iPhone
		{3925F0F3-8418-4929-977E-AC5C8C8FFFCA}.Release|iPhoneSimulator.ActiveCfg = Release|iPhoneSimulator
		{3925F0F3-8418-4929-977E-AC5C8C8FFFCA}.Release|iPhoneSimulator.Build.0 = Release|iPhoneSimulator
		{3925F0F3-8418-4929-977E-AC5C8C8FFFCA}.Release|x86.ActiveCfg = Release|iPhone
		{1E72E1D0-6FA5-43FB-B719-724CC767570F}.Ad-Hoc|Any CPU.ActiveCfg = Release|Any CPU
		{1E72E1D0-6FA5-43FB-B719-724CC767570F}.Ad-Hoc|Any CPU.Build.0 = Release|Any CPU
		{1E72E1D0-6FA5-43FB-B719-724CC767570F}.Ad-Hoc|Any CPU.Deploy.0 = Release|Any CPU
		{1E72E1D0-6FA5-43FB-B719-724CC767570F}.Ad-Hoc|ARM.ActiveCfg = Release|Any CPU
		{1E72E1D0-6FA5-43FB-B719-724CC767570F}.Ad-Hoc|ARM.Build.0 = Release|Any CPU
		{1E72E1D0-6FA5-43FB-B719-724CC767570F}.Ad-Hoc|ARM.Deploy.0 = Release|Any CPU
		{1E72E1D0-6FA5-43FB-B719-724CC767570F}.Ad-Hoc|iPhone.ActiveCfg = Release|Any CPU
		{1E72E1D0-6FA5-43FB-B719-724CC767570F}.Ad-Hoc|iPhone.Build.0 = Release|Any CPU
		{1E72E1D0-6FA5-43FB-B719-724CC767570F}.Ad-Hoc|iPhone.Deploy.0 = Release|Any CPU
		{1E72E1D0-6FA5-43FB-B719-724CC767570F}.Ad-Hoc|iPhoneSimulator.ActiveCfg = Release|Any CPU
		{1E72E1D0-6FA5-43FB-B719-724CC767570F}.Ad-Hoc|iPhoneSimulator.Build.0 = Release|Any CPU
		{1E72E1D0-6FA5-43FB-B719-724CC767570F}.Ad-Hoc|iPhoneSimulator.Deploy.0 = Release|Any CPU
		{1E72E1D0-6FA5-43FB-B719-724CC767570F}.Ad-Hoc|x86.ActiveCfg = Release|Any CPU
		{1E72E1D0-6FA5-43FB-B719-724CC767570F}.Ad-Hoc|x86.Build.0 = Release|Any CPU
		{1E72E1D0-6FA5-43FB-B719-724CC767570F}.Ad-Hoc|x86.Deploy.0 = Release|Any CPU
		{1E72E1D0-6FA5-43FB-B719-724CC767570F}.AppStore|Any CPU.ActiveCfg = Release|Any CPU
		{1E72E1D0-6FA5-43FB-B719-724CC767570F}.AppStore|Any CPU.Build.0 = Release|Any CPU
		{1E72E1D0-6FA5-43FB-B719-724CC767570F}.AppStore|Any CPU.Deploy.0 = Release|Any CPU
		{1E72E1D0-6FA5-43FB-B719-724CC767570F}.AppStore|ARM.ActiveCfg = Release|Any CPU
		{1E72E1D0-6FA5-43FB-B719-724CC767570F}.AppStore|ARM.Build.0 = Release|Any CPU
		{1E72E1D0-6FA5-43FB-B719-724CC767570F}.AppStore|ARM.Deploy.0 = Release|Any CPU
		{1E72E1D0-6FA5-43FB-B719-724CC767570F}.AppStore|iPhone.ActiveCfg = Release|Any CPU
		{1E72E1D0-6FA5-43FB-B719-724CC767570F}.AppStore|iPhone.Build.0 = Release|Any CPU
		{1E72E1D0-6FA5-43FB-B719-724CC767570F}.AppStore|iPhone.Deploy.0 = Release|Any CPU
		{1E72E1D0-6FA5-43FB-B719-724CC767570F}.AppStore|iPhoneSimulator.ActiveCfg = Release|Any CPU
		{1E72E1D0-6FA5-43FB-B719-724CC767570F}.AppStore|iPhoneSimulator.Build.0 = Release|Any CPU
		{1E72E1D0-6FA5-43FB-B719-724CC767570F}.AppStore|iPhoneSimulator.Deploy.0 = Release|Any CPU
		{1E72E1D0-6FA5-43FB-B719-724CC767570F}.AppStore|x86.ActiveCfg = Release|Any CPU
		{1E72E1D0-6FA5-43FB-B719-724CC767570F}.AppStore|x86.Build.0 = Release|Any CPU
		{1E72E1D0-6FA5-43FB-B719-724CC767570F}.AppStore|x86.Deploy.0 = Release|Any CPU
		{1E72E1D0-6FA5-43FB-B719-724CC767570F}.Debug|Any CPU.ActiveCfg = Debug|Any CPU
		{1E72E1D0-6FA5-43FB-B719-724CC767570F}.Debug|Any CPU.Build.0 = Debug|Any CPU
		{1E72E1D0-6FA5-43FB-B719-724CC767570F}.Debug|Any CPU.Deploy.0 = Debug|Any CPU
		{1E72E1D0-6FA5-43FB-B719-724CC767570F}.Debug|ARM.ActiveCfg = Debug|Any CPU
		{1E72E1D0-6FA5-43FB-B719-724CC767570F}.Debug|ARM.Build.0 = Debug|Any CPU
		{1E72E1D0-6FA5-43FB-B719-724CC767570F}.Debug|ARM.Deploy.0 = Debug|Any CPU
		{1E72E1D0-6FA5-43FB-B719-724CC767570F}.Debug|iPhone.ActiveCfg = Debug|Any CPU
		{1E72E1D0-6FA5-43FB-B719-724CC767570F}.Debug|iPhone.Build.0 = Debug|Any CPU
		{1E72E1D0-6FA5-43FB-B719-724CC767570F}.Debug|iPhone.Deploy.0 = Debug|Any CPU
		{1E72E1D0-6FA5-43FB-B719-724CC767570F}.Debug|iPhoneSimulator.ActiveCfg = Debug|Any CPU
		{1E72E1D0-6FA5-43FB-B719-724CC767570F}.Debug|iPhoneSimulator.Build.0 = Debug|Any CPU
		{1E72E1D0-6FA5-43FB-B719-724CC767570F}.Debug|iPhoneSimulator.Deploy.0 = Debug|Any CPU
		{1E72E1D0-6FA5-43FB-B719-724CC767570F}.Debug|x86.ActiveCfg = Debug|Any CPU
		{1E72E1D0-6FA5-43FB-B719-724CC767570F}.Debug|x86.Build.0 = Debug|Any CPU
		{1E72E1D0-6FA5-43FB-B719-724CC767570F}.Debug|x86.Deploy.0 = Debug|Any CPU
		{1E72E1D0-6FA5-43FB-B719-724CC767570F}.Release|Any CPU.ActiveCfg = Release|Any CPU
		{1E72E1D0-6FA5-43FB-B719-724CC767570F}.Release|Any CPU.Build.0 = Release|Any CPU
		{1E72E1D0-6FA5-43FB-B719-724CC767570F}.Release|Any CPU.Deploy.0 = Release|Any CPU
		{1E72E1D0-6FA5-43FB-B719-724CC767570F}.Release|ARM.ActiveCfg = Release|Any CPU
		{1E72E1D0-6FA5-43FB-B719-724CC767570F}.Release|ARM.Build.0 = Release|Any CPU
		{1E72E1D0-6FA5-43FB-B719-724CC767570F}.Release|ARM.Deploy.0 = Release|Any CPU
		{1E72E1D0-6FA5-43FB-B719-724CC767570F}.Release|iPhone.ActiveCfg = Release|Any CPU
		{1E72E1D0-6FA5-43FB-B719-724CC767570F}.Release|iPhone.Build.0 = Release|Any CPU
		{1E72E1D0-6FA5-43FB-B719-724CC767570F}.Release|iPhone.Deploy.0 = Release|Any CPU
		{1E72E1D0-6FA5-43FB-B719-724CC767570F}.Release|iPhoneSimulator.ActiveCfg = Release|Any CPU
		{1E72E1D0-6FA5-43FB-B719-724CC767570F}.Release|iPhoneSimulator.Build.0 = Release|Any CPU
		{1E72E1D0-6FA5-43FB-B719-724CC767570F}.Release|iPhoneSimulator.Deploy.0 = Release|Any CPU
		{1E72E1D0-6FA5-43FB-B719-724CC767570F}.Release|x86.ActiveCfg = Release|Any CPU
		{1E72E1D0-6FA5-43FB-B719-724CC767570F}.Release|x86.Build.0 = Release|Any CPU
		{1E72E1D0-6FA5-43FB-B719-724CC767570F}.Release|x86.Deploy.0 = Release|Any CPU
		{095D3A12-427A-4F72-ABA3-4D8F86010A34}.Ad-Hoc|Any CPU.ActiveCfg = Release|Any CPU
		{095D3A12-427A-4F72-ABA3-4D8F86010A34}.Ad-Hoc|Any CPU.Build.0 = Release|Any CPU
		{095D3A12-427A-4F72-ABA3-4D8F86010A34}.Ad-Hoc|Any CPU.Deploy.0 = Release|Any CPU
		{095D3A12-427A-4F72-ABA3-4D8F86010A34}.Ad-Hoc|ARM.ActiveCfg = Release|ARM
		{095D3A12-427A-4F72-ABA3-4D8F86010A34}.Ad-Hoc|ARM.Build.0 = Release|ARM
		{095D3A12-427A-4F72-ABA3-4D8F86010A34}.Ad-Hoc|ARM.Deploy.0 = Release|ARM
		{095D3A12-427A-4F72-ABA3-4D8F86010A34}.Ad-Hoc|iPhone.ActiveCfg = Release|Any CPU
		{095D3A12-427A-4F72-ABA3-4D8F86010A34}.Ad-Hoc|iPhone.Build.0 = Release|Any CPU
		{095D3A12-427A-4F72-ABA3-4D8F86010A34}.Ad-Hoc|iPhone.Deploy.0 = Release|Any CPU
		{095D3A12-427A-4F72-ABA3-4D8F86010A34}.Ad-Hoc|iPhoneSimulator.ActiveCfg = Release|Any CPU
		{095D3A12-427A-4F72-ABA3-4D8F86010A34}.Ad-Hoc|iPhoneSimulator.Build.0 = Release|Any CPU
		{095D3A12-427A-4F72-ABA3-4D8F86010A34}.Ad-Hoc|iPhoneSimulator.Deploy.0 = Release|Any CPU
		{095D3A12-427A-4F72-ABA3-4D8F86010A34}.Ad-Hoc|x86.ActiveCfg = Release|x86
		{095D3A12-427A-4F72-ABA3-4D8F86010A34}.Ad-Hoc|x86.Build.0 = Release|x86
		{095D3A12-427A-4F72-ABA3-4D8F86010A34}.Ad-Hoc|x86.Deploy.0 = Release|x86
		{095D3A12-427A-4F72-ABA3-4D8F86010A34}.AppStore|Any CPU.ActiveCfg = Release|Any CPU
		{095D3A12-427A-4F72-ABA3-4D8F86010A34}.AppStore|Any CPU.Build.0 = Release|Any CPU
		{095D3A12-427A-4F72-ABA3-4D8F86010A34}.AppStore|Any CPU.Deploy.0 = Release|Any CPU
		{095D3A12-427A-4F72-ABA3-4D8F86010A34}.AppStore|ARM.ActiveCfg = Release|ARM
		{095D3A12-427A-4F72-ABA3-4D8F86010A34}.AppStore|ARM.Build.0 = Release|ARM
		{095D3A12-427A-4F72-ABA3-4D8F86010A34}.AppStore|ARM.Deploy.0 = Release|ARM
		{095D3A12-427A-4F72-ABA3-4D8F86010A34}.AppStore|iPhone.ActiveCfg = Release|Any CPU
		{095D3A12-427A-4F72-ABA3-4D8F86010A34}.AppStore|iPhone.Build.0 = Release|Any CPU
		{095D3A12-427A-4F72-ABA3-4D8F86010A34}.AppStore|iPhone.Deploy.0 = Release|Any CPU
		{095D3A12-427A-4F72-ABA3-4D8F86010A34}.AppStore|iPhoneSimulator.ActiveCfg = Release|Any CPU
		{095D3A12-427A-4F72-ABA3-4D8F86010A34}.AppStore|iPhoneSimulator.Build.0 = Release|Any CPU
		{095D3A12-427A-4F72-ABA3-4D8F86010A34}.AppStore|iPhoneSimulator.Deploy.0 = Release|Any CPU
		{095D3A12-427A-4F72-ABA3-4D8F86010A34}.AppStore|x86.ActiveCfg = Release|x86
		{095D3A12-427A-4F72-ABA3-4D8F86010A34}.AppStore|x86.Build.0 = Release|x86
		{095D3A12-427A-4F72-ABA3-4D8F86010A34}.AppStore|x86.Deploy.0 = Release|x86
		{095D3A12-427A-4F72-ABA3-4D8F86010A34}.Debug|Any CPU.ActiveCfg = Debug|Any CPU
		{095D3A12-427A-4F72-ABA3-4D8F86010A34}.Debug|Any CPU.Build.0 = Debug|Any CPU
		{095D3A12-427A-4F72-ABA3-4D8F86010A34}.Debug|Any CPU.Deploy.0 = Debug|Any CPU
		{095D3A12-427A-4F72-ABA3-4D8F86010A34}.Debug|ARM.ActiveCfg = Debug|ARM
		{095D3A12-427A-4F72-ABA3-4D8F86010A34}.Debug|ARM.Build.0 = Debug|ARM
		{095D3A12-427A-4F72-ABA3-4D8F86010A34}.Debug|ARM.Deploy.0 = Debug|ARM
		{095D3A12-427A-4F72-ABA3-4D8F86010A34}.Debug|iPhone.ActiveCfg = Debug|Any CPU
		{095D3A12-427A-4F72-ABA3-4D8F86010A34}.Debug|iPhone.Build.0 = Debug|Any CPU
		{095D3A12-427A-4F72-ABA3-4D8F86010A34}.Debug|iPhone.Deploy.0 = Debug|Any CPU
		{095D3A12-427A-4F72-ABA3-4D8F86010A34}.Debug|iPhoneSimulator.ActiveCfg = Debug|Any CPU
		{095D3A12-427A-4F72-ABA3-4D8F86010A34}.Debug|iPhoneSimulator.Build.0 = Debug|Any CPU
		{095D3A12-427A-4F72-ABA3-4D8F86010A34}.Debug|iPhoneSimulator.Deploy.0 = Debug|Any CPU
		{095D3A12-427A-4F72-ABA3-4D8F86010A34}.Debug|x86.ActiveCfg = Debug|x86
		{095D3A12-427A-4F72-ABA3-4D8F86010A34}.Debug|x86.Build.0 = Debug|x86
		{095D3A12-427A-4F72-ABA3-4D8F86010A34}.Debug|x86.Deploy.0 = Debug|x86
		{095D3A12-427A-4F72-ABA3-4D8F86010A34}.Release|Any CPU.ActiveCfg = Release|Any CPU
		{095D3A12-427A-4F72-ABA3-4D8F86010A34}.Release|Any CPU.Build.0 = Release|Any CPU
		{095D3A12-427A-4F72-ABA3-4D8F86010A34}.Release|Any CPU.Deploy.0 = Release|Any CPU
		{095D3A12-427A-4F72-ABA3-4D8F86010A34}.Release|ARM.ActiveCfg = Release|ARM
		{095D3A12-427A-4F72-ABA3-4D8F86010A34}.Release|ARM.Build.0 = Release|ARM
		{095D3A12-427A-4F72-ABA3-4D8F86010A34}.Release|ARM.Deploy.0 = Release|ARM
		{095D3A12-427A-4F72-ABA3-4D8F86010A34}.Release|iPhone.ActiveCfg = Release|Any CPU
		{095D3A12-427A-4F72-ABA3-4D8F86010A34}.Release|iPhone.Build.0 = Release|Any CPU
		{095D3A12-427A-4F72-ABA3-4D8F86010A34}.Release|iPhone.Deploy.0 = Release|Any CPU
		{095D3A12-427A-4F72-ABA3-4D8F86010A34}.Release|iPhoneSimulator.ActiveCfg = Release|Any CPU
		{095D3A12-427A-4F72-ABA3-4D8F86010A34}.Release|iPhoneSimulator.Build.0 = Release|Any CPU
		{095D3A12-427A-4F72-ABA3-4D8F86010A34}.Release|iPhoneSimulator.Deploy.0 = Release|Any CPU
		{095D3A12-427A-4F72-ABA3-4D8F86010A34}.Release|x86.ActiveCfg = Release|x86
		{095D3A12-427A-4F72-ABA3-4D8F86010A34}.Release|x86.Build.0 = Release|x86
		{095D3A12-427A-4F72-ABA3-4D8F86010A34}.Release|x86.Deploy.0 = Release|x86
	EndGlobalSection
	GlobalSection(SolutionProperties) = preSolution
		HideSolutionNode = FALSE
	EndGlobalSection
EndGlobal
